PODS:
  - BTFSpotify (0.2.0):
    - CocoaLibSpotify (~> 2.4.5)
    - ReactiveCocoa (~> 2.3.0)
  - CocoaLibSpotify (2.4.5):
    - libspotify (= 12.1.64)
  - Expecta (0.3.1)
  - libspotify (12.1.64)
  - ReactiveCocoa (2.3.1):
    - ReactiveCocoa/UI (= 2.3.1)
  - ReactiveCocoa/Core (2.3.1):
    - ReactiveCocoa/no-arc
  - ReactiveCocoa/no-arc (2.3.1)
  - ReactiveCocoa/UI (2.3.1):
    - ReactiveCocoa/Core
  - Specta (0.2.1)

DEPENDENCIES:
  - BTFSpotify (from `../`)
  - Expecta
  - Specta (~> 0.2.1)

EXTERNAL SOURCES:
  BTFSpotify:
    :path: ../

SPEC CHECKSUMS:
  BTFSpotify: 7ea275d69e7e1af5fb1de1d470a53861415c6ca2
  CocoaLibSpotify: d5c2cc8eac1a27618c6f3ff9f656cabb5982f52a
  Expecta: 03aabd0a89d8dea843baecb19a7fd7466a69a31d
  libspotify: a64e21dc94594d988213fb5795641d0253132d46
  ReactiveCocoa: dca75777b9d18990c8714a3a6f2149f29b4d1462
  Specta: 9141310f46b1f68b676650ff2854e1ed0b74163a

COCOAPODS: 0.35.0
