PODS:
  - BTFSpotify (0.2.2):
    - CocoaLibSpotify (~> 2.4.5)
    - ReactiveCocoa (~> 2.3)
  - CocoaLibSpotify (2.4.5):
    - libspotify (= 12.1.64)
  - Expecta (0.4.2)
  - libspotify (12.1.64)
  - ReactiveCocoa (2.5):
    - ReactiveCocoa/UI (= 2.5)
  - ReactiveCocoa/Core (2.5):
    - ReactiveCocoa/no-arc
  - ReactiveCocoa/no-arc (2.5)
  - ReactiveCocoa/UI (2.5):
    - ReactiveCocoa/Core
  - Specta (0.2.1)

DEPENDENCIES:
  - BTFSpotify (from `../`)
  - Expecta
  - Specta (~> 0.2.1)

EXTERNAL SOURCES:
  BTFSpotify:
    :path: ../

SPEC CHECKSUMS:
  BTFSpotify: 65614bc027834b98ea0bee289a764b4ddd97755e
  CocoaLibSpotify: 908295917d06c2a975323fcbc56ecb52548579cf
  Expecta: 78b4e8b0c8291fa4524d7f74016b6065c2e391ec
  libspotify: 51a32efa68ea2901380dd703ed499415197d3e62
  ReactiveCocoa: e2db045570aa97c695e7aa97c2bcab222ae51f4a
  Specta: 15a276a6343867b426d5ed135d5aa4d04123a573

COCOAPODS: 0.36.0.rc.1
